
Microsoft Visual Studio Solution File, Format Version 12.00
# Visual Studio Version 17
VisualStudioVersion = 17.5.002.0
MinimumVisualStudioVersion = 10.0.40219.1
Project("{2150E333-8FDC-42A3-9474-1A3956D46DE8}") = "MediaStudioAPI", "MediaStudioAPI", "{18457F03-E4EB-4322-A14A-2F19D2281109}"
EndProject
Project("{9A19103F-16F7-4668-BE54-9A1E7A4F7556}") = "MediaStudioAPI", "MediaStudioAPI\MediaStudioAPI\MediaStudioAPI.csproj", "{4B2946CD-365E-4402-B6EF-587AF6229628}"
EndProject
Global
	GlobalSection(SolutionConfigurationPlatforms) = preSolution
		Debug|Any CPU = Debug|Any CPU
		Release|Any CPU = Release|Any CPU
	EndGlobalSection
	GlobalSection(ProjectConfigurationPlatforms) = postSolution
		{4B2946CD-365E-4402-B6EF-587AF6229628}.Debug|Any CPU.ActiveCfg = Debug|Any CPU
		{4B2946CD-365E-4402-B6EF-587AF6229628}.Debug|Any CPU.Build.0 = Debug|Any CPU
		{4B2946CD-365E-4402-B6EF-587AF6229628}.Release|Any CPU.ActiveCfg = Release|Any CPU
		{4B2946CD-365E-4402-B6EF-587AF6229628}.Release|Any CPU.Build.0 = Release|Any CPU
	EndGlobalSection
	GlobalSection(SolutionProperties) = preSolution
		HideSolutionNode = FALSE
	EndGlobalSection
	GlobalSection(NestedProjects) = preSolution
		{4B2946CD-365E-4402-B6EF-587AF6229628} = {18457F03-E4EB-4322-A14A-2F19D2281109}
	EndGlobalSection
	GlobalSection(ExtensibilityGlobals) = postSolution
		SolutionGuid = {4B1A5174-C50D-49C9-A98B-BE9ACCED7473}
	EndGlobalSection
EndGlobal
